// !$*UTF8*$!
{
	archiveVersion = 1;
	classes = {
	};
	objectVersion = 50;
	objects = {

/* Begin PBXBuildFile section */
		2B0FD2DF22495F8A00D3A6E2 /* AppDelegate.swift in Sources */ = {isa = PBXBuildFile; fileRef = 2B0FD2DE22495F8A00D3A6E2 /* AppDelegate.swift */; };
		2B0FD2E122495F8A00D3A6E2 /* ViewController.swift in Sources */ = {isa = PBXBuildFile; fileRef = 2B0FD2E022495F8A00D3A6E2 /* ViewController.swift */; };
		2B0FD2E422495F8A00D3A6E2 /* Main.storyboard in Resources */ = {isa = PBXBuildFile; fileRef = 2B0FD2E222495F8A00D3A6E2 /* Main.storyboard */; };
		2B0FD2E722495F8A00D3A6E2 /* Assign5Translator.xcdatamodeld in Sources */ = {isa = PBXBuildFile; fileRef = 2B0FD2E522495F8A00D3A6E2 /* Assign5Translator.xcdatamodeld */; };
		2B0FD2E922495F8A00D3A6E2 /* Assets.xcassets in Resources */ = {isa = PBXBuildFile; fileRef = 2B0FD2E822495F8A00D3A6E2 /* Assets.xcassets */; };
		2B0FD2EC22495F8A00D3A6E2 /* LaunchScreen.storyboard in Resources */ = {isa = PBXBuildFile; fileRef = 2B0FD2EA22495F8A00D3A6E2 /* LaunchScreen.storyboard */; };
		2B0FD2F42249664100D3A6E2 /* ToDo.swift in Sources */ = {isa = PBXBuildFile; fileRef = 2B0FD2F32249664100D3A6E2 /* ToDo.swift */; };
/* End PBXBuildFile section */

/* Begin PBXFileReference section */
		2B0FD2DB22495F8A00D3A6E2 /* Assign5Translator.app */ = {isa = PBXFileReference; explicitFileType = wrapper.application; includeInIndex = 0; path = Assign5Translator.app; sourceTree = BUILT_PRODUCTS_DIR; };
		2B0FD2DE22495F8A00D3A6E2 /* AppDelegate.swift */ = {isa = PBXFileReference; lastKnownFileType = sourcecode.swift; path = AppDelegate.swift; sourceTree = "<group>"; };
		2B0FD2E022495F8A00D3A6E2 /* ViewController.swift */ = {isa = PBXFileReference; lastKnownFileType = sourcecode.swift; path = ViewController.swift; sourceTree = "<group>"; };
		2B0FD2E322495F8A00D3A6E2 /* Base */ = {isa = PBXFileReference; lastKnownFileType = file.storyboard; name = Base; path = Base.lproj/Main.storyboard; sourceTree = "<group>"; };
		2B0FD2E622495F8A00D3A6E2 /* Assign5Translator.xcdatamodel */ = {isa = PBXFileReference; lastKnownFileType = wrapper.xcdatamodel; path = Assign5Translator.xcdatamodel; sourceTree = "<group>"; };
		2B0FD2E822495F8A00D3A6E2 /* Assets.xcassets */ = {isa = PBXFileReference; lastKnownFileType = folder.assetcatalog; path = Assets.xcassets; sourceTree = "<group>"; };
		2B0FD2EB22495F8A00D3A6E2 /* Base */ = {isa = PBXFileReference; lastKnownFileType = file.storyboard; name = Base; path = Base.lproj/LaunchScreen.storyboard; sourceTree = "<group>"; };
		2B0FD2ED22495F8A00D3A6E2 /* Info.plist */ = {isa = PBXFileReference; lastKnownFileType = text.plist.xml; path = Info.plist; sourceTree = "<group>"; };
		2B0FD2F32249664100D3A6E2 /* ToDo.swift */ = {isa = PBXFileReference; lastKnownFileType = sourcecode.swift; path = ToDo.swift; sourceTree = "<group>"; };
/* End PBXFileReference section */

/* Begin PBXFrameworksBuildPhase section */
		2B0FD2D822495F8A00D3A6E2 /* Frameworks */ = {
			isa = PBXFrameworksBuildPhase;
			buildActionMask = 2147483647;
			files = (
			);
			runOnlyForDeploymentPostprocessing = 0;
		};
/* End PBXFrameworksBuildPhase section */

/* Begin PBXGroup section */
		2B0FD2D222495F8900D3A6E2 = {
			isa = PBXGroup;
			children = (
				2B0FD2DD22495F8A00D3A6E2 /* Assign5Translator */,
				2B0FD2DC22495F8A00D3A6E2 /* Products */,
			);
			sourceTree = "<group>";
		};
		2B0FD2DC22495F8A00D3A6E2 /* Products */ = {
			isa = PBXGroup;
			children = (
				2B0FD2DB22495F8A00D3A6E2 /* Assign5Translator.app */,
			);
			name = Products;
			sourceTree = "<group>";
		};
		2B0FD2DD22495F8A00D3A6E2 /* Assign5Translator */ = {
			isa = PBXGroup;
			children = (
				2B0FD2DE22495F8A00D3A6E2 /* AppDelegate.swift */,
				2B0FD2E022495F8A00D3A6E2 /* ViewController.swift */,
				2B0FD2E222495F8A00D3A6E2 /* Main.storyboard */,
				2B0FD2E822495F8A00D3A6E2 /* Assets.xcassets */,
				2B0FD2EA22495F8A00D3A6E2 /* LaunchScreen.storyboard */,
				2B0FD2ED22495F8A00D3A6E2 /* Info.plist */,
				2B0FD2E522495F8A00D3A6E2 /* Assign5Translator.xcdatamodeld */,
				2B0FD2F32249664100D3A6E2 /* ToDo.swift */,
			);
			path = Assign5Translator;
			sourceTree = "<group>";
		};
/* End PBXGroup section */

/* Begin PBXNativeTarget section */
		2B0FD2DA22495F8A00D3A6E2 /* Assign5Translator */ = {
			isa = PBXNativeTarget;
			buildConfigurationList = 2B0FD2F022495F8A00D3A6E2 /* Build configuration list for PBXNativeTarget "Assign5Translator" */;
			buildPhases = (
				2B0FD2D722495F8A00D3A6E2 /* Sources */,
				2B0FD2D822495F8A00D3A6E2 /* Frameworks */,
				2B0FD2D922495F8A00D3A6E2 /* Resources */,
			);
			buildRules = (
			);
			dependencies = (
			);
			name = Assign5Translator;
			productName = Assign5Translator;
			productReference = 2B0FD2DB22495F8A00D3A6E2 /* Assign5Translator.app */;
			productType = "com.apple.product-type.application";
		};
/* End PBXNativeTarget section */

/* Begin PBXProject section */
		2B0FD2D322495F8900D3A6E2 /* Project object */ = {
			isa = PBXProject;
			attributes = {
				LastSwiftUpdateCheck = 1010;
				LastUpgradeCheck = 1010;
				ORGANIZATIONNAME = "Pigman, Luke";
				TargetAttributes = {
					2B0FD2DA22495F8A00D3A6E2 = {
						CreatedOnToolsVersion = 10.1;
					};
				};
			};
			buildConfigurationList = 2B0FD2D622495F8900D3A6E2 /* Build configuration list for PBXProject "Assign5Translator" */;
			compatibilityVersion = "Xcode 9.3";
			developmentRegion = en;
			hasScannedForEncodings = 0;
			knownRegions = (
				en,
				Base,
			);
			mainGroup = 2B0FD2D222495F8900D3A6E2;
			productRefGroup = 2B0FD2DC22495F8A00D3A6E2 /* Products */;
			projectDirPath = "";
			projectRoot = "";
			targets = (
				2B0FD2DA22495F8A00D3A6E2 /* Assign5Translator */,
			);
		};
/* End PBXProject section */

/* Begin PBXResourcesBuildPhase section */
		2B0FD2D922495F8A00D3A6E2 /* Resources */ = {
			isa = PBXResourcesBuildPhase;
			buildActionMask = 2147483647;
			files = (
				2B0FD2EC22495F8A00D3A6E2 /* LaunchScreen.storyboard in Resources */,
				2B0FD2E922495F8A00D3A6E2 /* Assets.xcassets in Resources */,
				2B0FD2E422495F8A00D3A6E2 /* Main.storyboard in Resources */,
			);
			runOnlyForDeploymentPostprocessing = 0;
		};
/* End PBXResourcesBuildPhase section */

/* Begin PBXSourcesBuildPhase section */
		2B0FD2D722495F8A00D3A6E2 /* Sources */ = {
			isa = PBXSourcesBuildPhase;
			buildActionMask = 2147483647;
			files = (
				2B0FD2E722495F8A00D3A6E2 /* Assign5Translator.xcdatamodeld in Sources */,
				2B0FD2E122495F8A00D3A6E2 /* ViewController.swift in Sources */,
				2B0FD2DF22495F8A00D3A6E2 /* AppDelegate.swift in Sources */,
				2B0FD2F42249664100D3A6E2 /* ToDo.swift in Sources */,
			);
			runOnlyForDeploymentPostprocessing = 0;
		};
/* End PBXSourcesBuildPhase section */

/* Begin PBXVariantGroup section */
		2B0FD2E222495F8A00D3A6E2 /* Main.storyboard */ = {
			isa = PBXVariantGroup;
			children = (
				2B0FD2E322495F8A00D3A6E2 /* Base */,
			);
			name = Main.storyboard;
			sourceTree = "<group>";
		};
		2B0FD2EA22495F8A00D3A6E2 /* LaunchScreen.storyboard */ = {
			isa = PBXVariantGroup;
			children = (
				2B0FD2EB22495F8A00D3A6E2 /* Base */,
			);
			name = LaunchScreen.storyboard;
			sourceTree = "<group>";
		};
/* End PBXVariantGroup section */

/* Begin XCBuildConfiguration section */
		2B0FD2EE22495F8A00D3A6E2 /* Debug */ = {
			isa = XCBuildConfiguration;
			buildSettings = {
				ALWAYS_SEARCH_USER_PATHS = NO;
				CLANG_ANALYZER_NONNULL = YES;
				CLANG_ANALYZER_NUMBER_OBJECT_CONVERSION = YES_AGGRESSIVE;
				CLANG_CXX_LANGUAGE_STANDARD = "gnu++14";
				CLANG_CXX_LIBRARY = "libc++";
				CLANG_ENABLE_MODULES = YES;
				CLANG_ENABLE_OBJC_ARC = YES;
				CLANG_ENABLE_OBJC_WEAK = YES;
				CLANG_WARN_BLOCK_CAPTURE_AUTORELEASING = YES;
				CLANG_WARN_BOOL_CONVERSION = YES;
				CLANG_WARN_COMMA = YES;
				CLANG_WARN_CONSTANT_CONVERSION = YES;
				CLANG_WARN_DEPRECATED_OBJC_IMPLEMENTATIONS = YES;
				CLANG_WARN_DIRECT_OBJC_ISA_USAGE = YES_ERROR;
				CLANG_WARN_DOCUMENTATION_COMMENTS = YES;
				CLANG_WARN_EMPTY_BODY = YES;
				CLANG_WARN_ENUM_CONVERSION = YES;
				CLANG_WARN_INFINITE_RECURSION = YES;
				CLANG_WARN_INT_CONVERSION = YES;
				CLANG_WARN_NON_LITERAL_NULL_CONVERSION = YES;
				CLANG_WARN_OBJC_IMPLICIT_RETAIN_SELF = YES;
				CLANG_WARN_OBJC_LITERAL_CONVERSION = YES;
				CLANG_WARN_OBJC_ROOT_CLASS = YES_ERROR;
				CLANG_WARN_RANGE_LOOP_ANALYSIS = YES;
				CLANG_WARN_STRICT_PROTOTYPES = YES;
				CLANG_WARN_SUSPICIOUS_MOVE = YES;
				CLANG_WARN_UNGUARDED_AVAILABILITY = YES_AGGRESSIVE;
				CLANG_WARN_UNREACHABLE_CODE = YES;
				CLANG_WARN__DUPLICATE_METHOD_MATCH = YES;
				CODE_SIGN_IDENTITY = "iPhone Developer";
				COPY_PHASE_STRIP = NO;
				DEBUG_INFORMATION_FORMAT = dwarf;
				ENABLE_STRICT_OBJC_MSGSEND = YES;
				ENABLE_TESTABILITY = YES;
				GCC_C_LANGUAGE_STANDARD = gnu11;
				GCC_DYNAMIC_NO_PIC = NO;
				GCC_NO_COMMON_BLOCKS = YES;
				GCC_OPTIMIZATION_LEVEL = 0;
				GCC_PREPROCESSOR_DEFINITIONS = (
					"DEBUG=1",
					"$(inherited)",
				);
				GCC_WARN_64_TO_32_BIT_CONVERSION = YES;
				GCC_WARN_ABOUT_RETURN_TYPE = YES_ERROR;
				GCC_WARN_UNDECLARED_SELECTOR = YES;
				GCC_WARN_UNINITIALIZED_AUTOS = YES_AGGRESSIVE;
				GCC_WARN_UNUSED_FUNCTION = YES;
				GCC_WARN_UNUSED_VARIABLE = YES;
				IPHONEOS_DEPLOYMENT_TARGET = 12.1;
				MTL_ENABLE_DEBUG_INFO = INCLUDE_SOURCE;
				MTL_FAST_MATH = YES;
				ONLY_ACTIVE_ARCH = YES;
				SDKROOT = iphoneos;
				SWIFT_ACTIVE_COMPILATION_CONDITIONS = DEBUG;
				SWIFT_OPTIMIZATION_LEVEL = "-Onone";
			};
			name = Debug;
		};
		2B0FD2EF22495F8A00D3A6E2 /* Release */ = {
			isa = XCBuildConfiguration;
			buildSettings = {
				ALWAYS_SEARCH_USER_PATHS = NO;
				CLANG_ANALYZER_NONNULL = YES;
				CLANG_ANALYZER_NUMBER_OBJECT_CONVERSION = YES_AGGRESSIVE;
				CLANG_CXX_LANGUAGE_STANDARD = "gnu++14";
				CLANG_CXX_LIBRARY = "libc++";
				CLANG_ENABLE_MODULES = YES;
				CLANG_ENABLE_OBJC_ARC = YES;
				CLANG_ENABLE_OBJC_WEAK = YES;
				CLANG_WARN_BLOCK_CAPTURE_AUTORELEASING = YES;
				CLANG_WARN_BOOL_CONVERSION = YES;
				CLANG_WARN_COMMA = YES;
				CLANG_WARN_CONSTANT_CONVERSION = YES;
				CLANG_WARN_DEPRECATED_OBJC_IMPLEMENTATIONS = YES;
				CLANG_WARN_DIRECT_OBJC_ISA_USAGE = YES_ERROR;
				CLANG_WARN_DOCUMENTATION_COMMENTS = YES;
				CLANG_WARN_EMPTY_BODY = YES;
				CLANG_WARN_ENUM_CONVERSION = YES;
				CLANG_WARN_INFINITE_RECURSION = YES;
				CLANG_WARN_INT_CONVERSION = YES;
				CLANG_WARN_NON_LITERAL_NULL_CONVERSION = YES;
				CLANG_WARN_OBJC_IMPLICIT_RETAIN_SELF = YES;
				CLANG_WARN_OBJC_LITERAL_CONVERSION = YES;
				CLANG_WARN_OBJC_ROOT_CLASS = YES_ERROR;
				CLANG_WARN_RANGE_LOOP_ANALYSIS = YES;
				CLANG_WARN_STRICT_PROTOTYPES = YES;
				CLANG_WARN_SUSPICIOUS_MOVE = YES;
				CLANG_WARN_UNGUARDED_AVAILABILITY = YES_AGGRESSIVE;
				CLANG_WARN_UNREACHABLE_CODE = YES;
				CLANG_WARN__DUPLICATE_METHOD_MATCH = YES;
				CODE_SIGN_IDENTITY = "iPhone Developer";
				COPY_PHASE_STRIP = NO;
				DEBUG_INFORMATION_FORMAT = "dwarf-with-dsym";
				ENABLE_NS_ASSERTIONS = NO;
				ENABLE_STRICT_OBJC_MSGSEND = YES;
				GCC_C_LANGUAGE_STANDARD = gnu11;
				GCC_NO_COMMON_BLOCKS = YES;
				GCC_WARN_64_TO_32_BIT_CONVERSION = YES;
				GCC_WARN_ABOUT_RETURN_TYPE = YES_ERROR;
				GCC_WARN_UNDECLARED_SELECTOR = YES;
				GCC_WARN_UNINITIALIZED_AUTOS = YES_AGGRESSIVE;
				GCC_WARN_UNUSED_FUNCTION = YES;
				GCC_WARN_UNUSED_VARIABLE = YES;
				IPHONEOS_DEPLOYMENT_TARGET = 12.1;
				MTL_ENABLE_DEBUG_INFO = NO;
				MTL_FAST_MATH = YES;
				SDKROOT = iphoneos;
				SWIFT_COMPILATION_MODE = wholemodule;
				SWIFT_OPTIMIZATION_LEVEL = "-O";
				VALIDATE_PRODUCT = YES;
			};
			name = Release;
		};
		2B0FD2F122495F8A00D3A6E2 /* Debug */ = {
			isa = XCBuildConfiguration;
			buildSettings = {
				ASSETCATALOG_COMPILER_APPICON_NAME = AppIcon;
				CODE_SIGN_STYLE = Automatic;
				INFOPLIST_FILE = Assign5Translator/Info.plist;
				LD_RUNPATH_SEARCH_PATHS = (
					"$(inherited)",
					"@executable_path/Frameworks",
				);
				PRODUCT_BUNDLE_IDENTIFIER = edu.ilstu.Assign5Translator;
				PRODUCT_NAME = "$(TARGET_NAME)";
				SWIFT_VERSION = 4.2;
				TARGETED_DEVICE_FAMILY = "1,2";
			};
			name = Debug;
		};
		2B0FD2F222495F8A00D3A6E2 /* Release */ = {
			isa = XCBuildConfiguration;
			buildSettings = {
				ASSETCATALOG_COMPILER_APPICON_NAME = AppIcon;
				CODE_SIGN_STYLE = Automatic;
				INFOPLIST_FILE = Assign5Translator/Info.plist;
				LD_RUNPATH_SEARCH_PATHS = (
					"$(inherited)",
					"@executable_path/Frameworks",
				);
				PRODUCT_BUNDLE_IDENTIFIER = edu.ilstu.Assign5Translator;
				PRODUCT_NAME = "$(TARGET_NAME)";
				SWIFT_VERSION = 4.2;
				TARGETED_DEVICE_FAMILY = "1,2";
			};
			name = Release;
		};
/* End XCBuildConfiguration section */

/* Begin XCConfigurationList section */
		2B0FD2D622495F8900D3A6E2 /* Build configuration list for PBXProject "Assign5Translator" */ = {
			isa = XCConfigurationList;
			buildConfigurations = (
				2B0FD2EE22495F8A00D3A6E2 /* Debug */,
				2B0FD2EF22495F8A00D3A6E2 /* Release */,
			);
			defaultConfigurationIsVisible = 0;
			defaultConfigurationName = Release;
		};
		2B0FD2F022495F8A00D3A6E2 /* Build configuration list for PBXNativeTarget "Assign5Translator" */ = {
			isa = XCConfigurationList;
			buildConfigurations = (
				2B0FD2F122495F8A00D3A6E2 /* Debug */,
				2B0FD2F222495F8A00D3A6E2 /* Release */,
			);
			defaultConfigurationIsVisible = 0;
			defaultConfigurationName = Release;
		};
/* End XCConfigurationList section */

/* Begin XCVersionGroup section */
		2B0FD2E522495F8A00D3A6E2 /* Assign5Translator.xcdatamodeld */ = {
			isa = XCVersionGroup;
			children = (
				2B0FD2E622495F8A00D3A6E2 /* Assign5Translator.xcdatamodel */,
			);
			currentVersion = 2B0FD2E622495F8A00D3A6E2 /* Assign5Translator.xcdatamodel */;
			path = Assign5Translator.xcdatamodeld;
			sourceTree = "<group>";
			versionGroupType = wrapper.xcdatamodel;
		};
/* End XCVersionGroup section */
	};
	rootObject = 2B0FD2D322495F8900D3A6E2 /* Project object */;
}
